# This file is autogenerated, do not edit; changes may be undone by the next 'dep ensure'.


[[projects]]
  name = "github.com/containerum/cherry"
  packages = ["."]
  revision = "3076e36aee79538b125d060e5b671649cbb2db4e"
  version = "v1.0.1-rc2"

[solve-meta]
  analyzer-name = "dep"
  analyzer-version = 1
  inputs-digest = "1b2ac41732dd2a647e9957cb70878340a58f66b5a8fa5053368c769fd45a3483"
  solver-name = "gps-cdcl"
  solver-version = 1
